// !$*UTF8*$!
{
	archiveVersion = 1;
	classes = {
	};
	objectVersion = 56;
	objects = {

/* Begin PBXBuildFile section */
		EB5360AB2BF803AE0052837F /* IrisGardenRoughDraftApp.swift in Sources */ = {isa = PBXBuildFile; fileRef = EB5360AA2BF803AE0052837F /* IrisGardenRoughDraftApp.swift */; };
		EB5360AD2BF803AE0052837F /* ContentView.swift in Sources */ = {isa = PBXBuildFile; fileRef = EB5360AC2BF803AE0052837F /* ContentView.swift */; };
		EB5360AF2BF803B00052837F /* Assets.xcassets in Resources */ = {isa = PBXBuildFile; fileRef = EB5360AE2BF803B00052837F /* Assets.xcassets */; };
		EB5360B22BF803B00052837F /* Preview Assets.xcassets in Resources */ = {isa = PBXBuildFile; fileRef = EB5360B12BF803B00052837F /* Preview Assets.xcassets */; };
		EB5360BD2BFC102B0052837F /* MenuView.swift in Sources */ = {isa = PBXBuildFile; fileRef = EB5360BC2BFC102B0052837F /* MenuView.swift */; };
		EB6623B42BFD2CE6006F9FEA /* InventoryView.swift in Sources */ = {isa = PBXBuildFile; fileRef = EB6623B32BFD2CE6006F9FEA /* InventoryView.swift */; };
		EB6623B82BFFCF30006F9FEA /* HeaderView.swift in Sources */ = {isa = PBXBuildFile; fileRef = EB6623B72BFFCF30006F9FEA /* HeaderView.swift */; };
		EB6623BA2BFFFC86006F9FEA /* CosmicSailorView.swift in Sources */ = {isa = PBXBuildFile; fileRef = EB6623B92BFFFC86006F9FEA /* CosmicSailorView.swift */; };
		EB6623BC2BFFFD2E006F9FEA /* RomanticHydrangeaView.swift in Sources */ = {isa = PBXBuildFile; fileRef = EB6623BB2BFFFD2E006F9FEA /* RomanticHydrangeaView.swift */; };
		EB6623BE2BFFFDBE006F9FEA /* DreamingAfternoonView.swift in Sources */ = {isa = PBXBuildFile; fileRef = EB6623BD2BFFFDBE006F9FEA /* DreamingAfternoonView.swift */; };
		EB6623C02BFFFF74006F9FEA /* InventoryTabBar.swift in Sources */ = {isa = PBXBuildFile; fileRef = EB6623BF2BFFFF74006F9FEA /* InventoryTabBar.swift */; };
/* End PBXBuildFile section */

/* Begin PBXFileReference section */
		EB5360A72BF803AE0052837F /* IrisGardenRoughDraft.app */ = {isa = PBXFileReference; explicitFileType = wrapper.application; includeInIndex = 0; path = IrisGardenRoughDraft.app; sourceTree = BUILT_PRODUCTS_DIR; };
		EB5360AA2BF803AE0052837F /* IrisGardenRoughDraftApp.swift */ = {isa = PBXFileReference; lastKnownFileType = sourcecode.swift; path = IrisGardenRoughDraftApp.swift; sourceTree = "<group>"; };
		EB5360AC2BF803AE0052837F /* ContentView.swift */ = {isa = PBXFileReference; lastKnownFileType = sourcecode.swift; path = ContentView.swift; sourceTree = "<group>"; };
		EB5360AE2BF803B00052837F /* Assets.xcassets */ = {isa = PBXFileReference; lastKnownFileType = folder.assetcatalog; path = Assets.xcassets; sourceTree = "<group>"; };
		EB5360B12BF803B00052837F /* Preview Assets.xcassets */ = {isa = PBXFileReference; lastKnownFileType = folder.assetcatalog; path = "Preview Assets.xcassets"; sourceTree = "<group>"; };
		EB5360BC2BFC102B0052837F /* MenuView.swift */ = {isa = PBXFileReference; lastKnownFileType = sourcecode.swift; path = MenuView.swift; sourceTree = "<group>"; };
		EB6623B32BFD2CE6006F9FEA /* InventoryView.swift */ = {isa = PBXFileReference; lastKnownFileType = sourcecode.swift; path = InventoryView.swift; sourceTree = "<group>"; };
		EB6623B72BFFCF30006F9FEA /* HeaderView.swift */ = {isa = PBXFileReference; lastKnownFileType = sourcecode.swift; path = HeaderView.swift; sourceTree = "<group>"; };
		EB6623B92BFFFC86006F9FEA /* CosmicSailorView.swift */ = {isa = PBXFileReference; lastKnownFileType = sourcecode.swift; path = CosmicSailorView.swift; sourceTree = "<group>"; };
		EB6623BB2BFFFD2E006F9FEA /* RomanticHydrangeaView.swift */ = {isa = PBXFileReference; lastKnownFileType = sourcecode.swift; path = RomanticHydrangeaView.swift; sourceTree = "<group>"; };
		EB6623BD2BFFFDBE006F9FEA /* DreamingAfternoonView.swift */ = {isa = PBXFileReference; lastKnownFileType = sourcecode.swift; path = DreamingAfternoonView.swift; sourceTree = "<group>"; };
		EB6623BF2BFFFF74006F9FEA /* InventoryTabBar.swift */ = {isa = PBXFileReference; lastKnownFileType = sourcecode.swift; path = InventoryTabBar.swift; sourceTree = "<group>"; };
/* End PBXFileReference section */

/* Begin PBXFrameworksBuildPhase section */
		EB5360A42BF803AE0052837F /* Frameworks */ = {
			isa = PBXFrameworksBuildPhase;
			buildActionMask = 2147483647;
			files = (
			);
			runOnlyForDeploymentPostprocessing = 0;
		};
/* End PBXFrameworksBuildPhase section */

/* Begin PBXGroup section */
		EB53609E2BF803AE0052837F = {
			isa = PBXGroup;
			children = (
				EB5360A92BF803AE0052837F /* IrisGardenRoughDraft */,
				EB5360A82BF803AE0052837F /* Products */,
			);
			sourceTree = "<group>";
		};
		EB5360A82BF803AE0052837F /* Products */ = {
			isa = PBXGroup;
			children = (
				EB5360A72BF803AE0052837F /* IrisGardenRoughDraft.app */,
			);
			name = Products;
			sourceTree = "<group>";
		};
		EB5360A92BF803AE0052837F /* IrisGardenRoughDraft */ = {
			isa = PBXGroup;
			children = (
				EB6623B22BFD2CBC006F9FEA /* Inventory */,
				EB5360AA2BF803AE0052837F /* IrisGardenRoughDraftApp.swift */,
				EB5360AC2BF803AE0052837F /* ContentView.swift */,
				EB6623B72BFFCF30006F9FEA /* HeaderView.swift */,
				EB5360BC2BFC102B0052837F /* MenuView.swift */,
				EB5360AE2BF803B00052837F /* Assets.xcassets */,
				EB5360B02BF803B00052837F /* Preview Content */,
			);
			path = IrisGardenRoughDraft;
			sourceTree = "<group>";
		};
		EB5360B02BF803B00052837F /* Preview Content */ = {
			isa = PBXGroup;
			children = (
				EB5360B12BF803B00052837F /* Preview Assets.xcassets */,
			);
			path = "Preview Content";
			sourceTree = "<group>";
		};
		EB6623B22BFD2CBC006F9FEA /* Inventory */ = {
			isa = PBXGroup;
			children = (
				EB6623B32BFD2CE6006F9FEA /* InventoryView.swift */,
				EB6623B92BFFFC86006F9FEA /* CosmicSailorView.swift */,
				EB6623BB2BFFFD2E006F9FEA /* RomanticHydrangeaView.swift */,
				EB6623BD2BFFFDBE006F9FEA /* DreamingAfternoonView.swift */,
				EB6623BF2BFFFF74006F9FEA /* InventoryTabBar.swift */,
			);
			path = Inventory;
			sourceTree = "<group>";
		};
/* End PBXGroup section */

/* Begin PBXNativeTarget section */
		EB5360A62BF803AE0052837F /* IrisGardenRoughDraft */ = {
			isa = PBXNativeTarget;
			buildConfigurationList = EB5360B52BF803B00052837F /* Build configuration list for PBXNativeTarget "IrisGardenRoughDraft" */;
			buildPhases = (
				EB5360A32BF803AE0052837F /* Sources */,
				EB5360A42BF803AE0052837F /* Frameworks */,
				EB5360A52BF803AE0052837F /* Resources */,
			);
			buildRules = (
			);
			dependencies = (
			);
			name = IrisGardenRoughDraft;
			productName = IrisGardenRoughDraft;
			productReference = EB5360A72BF803AE0052837F /* IrisGardenRoughDraft.app */;
			productType = "com.apple.product-type.application";
		};
/* End PBXNativeTarget section */

/* Begin PBXProject section */
		EB53609F2BF803AE0052837F /* Project object */ = {
			isa = PBXProject;
			attributes = {
				BuildIndependentTargetsInParallel = 1;
				LastSwiftUpdateCheck = 1540;
				LastUpgradeCheck = 1540;
				TargetAttributes = {
					EB5360A62BF803AE0052837F = {
						CreatedOnToolsVersion = 15.4;
					};
				};
			};
			buildConfigurationList = EB5360A22BF803AE0052837F /* Build configuration list for PBXProject "IrisGardenRoughDraft" */;
			compatibilityVersion = "Xcode 14.0";
			developmentRegion = en;
			hasScannedForEncodings = 0;
			knownRegions = (
				en,
				Base,
			);
			mainGroup = EB53609E2BF803AE0052837F;
			productRefGroup = EB5360A82BF803AE0052837F /* Products */;
			projectDirPath = "";
			projectRoot = "";
			targets = (
				EB5360A62BF803AE0052837F /* IrisGardenRoughDraft */,
			);
		};
/* End PBXProject section */

/* Begin PBXResourcesBuildPhase section */
		EB5360A52BF803AE0052837F /* Resources */ = {
			isa = PBXResourcesBuildPhase;
			buildActionMask = 2147483647;
			files = (
				EB5360B22BF803B00052837F /* Preview Assets.xcassets in Resources */,
				EB5360AF2BF803B00052837F /* Assets.xcassets in Resources */,
			);
			runOnlyForDeploymentPostprocessing = 0;
		};
/* End PBXResourcesBuildPhase section */

/* Begin PBXSourcesBuildPhase section */
		EB5360A32BF803AE0052837F /* Sources */ = {
			isa = PBXSourcesBuildPhase;
			buildActionMask = 2147483647;
			files = (
				EB5360BD2BFC102B0052837F /* MenuView.swift in Sources */,
				EB5360AD2BF803AE0052837F /* ContentView.swift in Sources */,
				EB6623B42BFD2CE6006F9FEA /* InventoryView.swift in Sources */,
				EB5360AB2BF803AE0052837F /* IrisGardenRoughDraftApp.swift in Sources */,
				EB6623BE2BFFFDBE006F9FEA /* DreamingAfternoonView.swift in Sources */,
				EB6623BC2BFFFD2E006F9FEA /* RomanticHydrangeaView.swift in Sources */,
				EB6623BA2BFFFC86006F9FEA /* CosmicSailorView.swift in Sources */,
				EB6623B82BFFCF30006F9FEA /* HeaderView.swift in Sources */,
				EB6623C02BFFFF74006F9FEA /* InventoryTabBar.swift in Sources */,
			);
			runOnlyForDeploymentPostprocessing = 0;
		};
/* End PBXSourcesBuildPhase section */

/* Begin XCBuildConfiguration section */
		EB5360B32BF803B00052837F /* Debug */ = {
			isa = XCBuildConfiguration;
			buildSettings = {
				ALWAYS_SEARCH_USER_PATHS = NO;
				ASSETCATALOG_COMPILER_GENERATE_SWIFT_ASSET_SYMBOL_EXTENSIONS = YES;
				CLANG_ANALYZER_NONNULL = YES;
				CLANG_ANALYZER_NUMBER_OBJECT_CONVERSION = YES_AGGRESSIVE;
				CLANG_CXX_LANGUAGE_STANDARD = "gnu++20";
				CLANG_ENABLE_MODULES = YES;
				CLANG_ENABLE_OBJC_ARC = YES;
				CLANG_ENABLE_OBJC_WEAK = YES;
				CLANG_WARN_BLOCK_CAPTURE_AUTORELEASING = YES;
				CLANG_WARN_BOOL_CONVERSION = YES;
				CLANG_WARN_COMMA = YES;
				CLANG_WARN_CONSTANT_CONVERSION = YES;
				CLANG_WARN_DEPRECATED_OBJC_IMPLEMENTATIONS = YES;
				CLANG_WARN_DIRECT_OBJC_ISA_USAGE = YES_ERROR;
				CLANG_WARN_DOCUMENTATION_COMMENTS = YES;
				CLANG_WARN_EMPTY_BODY = YES;
				CLANG_WARN_ENUM_CONVERSION = YES;
				CLANG_WARN_INFINITE_RECURSION = YES;
				CLANG_WARN_INT_CONVERSION = YES;
				CLANG_WARN_NON_LITERAL_NULL_CONVERSION = YES;
				CLANG_WARN_OBJC_IMPLICIT_RETAIN_SELF = YES;
				CLANG_WARN_OBJC_LITERAL_CONVERSION = YES;
				CLANG_WARN_OBJC_ROOT_CLASS = YES_ERROR;
				CLANG_WARN_QUOTED_INCLUDE_IN_FRAMEWORK_HEADER = YES;
				CLANG_WARN_RANGE_LOOP_ANALYSIS = YES;
				CLANG_WARN_STRICT_PROTOTYPES = YES;
				CLANG_WARN_SUSPICIOUS_MOVE = YES;
				CLANG_WARN_UNGUARDED_AVAILABILITY = YES_AGGRESSIVE;
				CLANG_WARN_UNREACHABLE_CODE = YES;
				CLANG_WARN__DUPLICATE_METHOD_MATCH = YES;
				COPY_PHASE_STRIP = NO;
				DEBUG_INFORMATION_FORMAT = dwarf;
				ENABLE_STRICT_OBJC_MSGSEND = YES;
				ENABLE_TESTABILITY = YES;
				ENABLE_USER_SCRIPT_SANDBOXING = YES;
				GCC_C_LANGUAGE_STANDARD = gnu17;
				GCC_DYNAMIC_NO_PIC = NO;
				GCC_NO_COMMON_BLOCKS = YES;
				GCC_OPTIMIZATION_LEVEL = 0;
				GCC_PREPROCESSOR_DEFINITIONS = (
					"DEBUG=1",
					"$(inherited)",
				);
				GCC_WARN_64_TO_32_BIT_CONVERSION = YES;
				GCC_WARN_ABOUT_RETURN_TYPE = YES_ERROR;
				GCC_WARN_UNDECLARED_SELECTOR = YES;
				GCC_WARN_UNINITIALIZED_AUTOS = YES_AGGRESSIVE;
				GCC_WARN_UNUSED_FUNCTION = YES;
				GCC_WARN_UNUSED_VARIABLE = YES;
				IPHONEOS_DEPLOYMENT_TARGET = 17.5;
				LOCALIZATION_PREFERS_STRING_CATALOGS = YES;
				MTL_ENABLE_DEBUG_INFO = INCLUDE_SOURCE;
				MTL_FAST_MATH = YES;
				ONLY_ACTIVE_ARCH = YES;
				SDKROOT = iphoneos;
				SWIFT_ACTIVE_COMPILATION_CONDITIONS = "DEBUG $(inherited)";
				SWIFT_OPTIMIZATION_LEVEL = "-Onone";
			};
			name = Debug;
		};
		EB5360B42BF803B00052837F /* Release */ = {
			isa = XCBuildConfiguration;
			buildSettings = {
				ALWAYS_SEARCH_USER_PATHS = NO;
				ASSETCATALOG_COMPILER_GENERATE_SWIFT_ASSET_SYMBOL_EXTENSIONS = YES;
				CLANG_ANALYZER_NONNULL = YES;
				CLANG_ANALYZER_NUMBER_OBJECT_CONVERSION = YES_AGGRESSIVE;
				CLANG_CXX_LANGUAGE_STANDARD = "gnu++20";
				CLANG_ENABLE_MODULES = YES;
				CLANG_ENABLE_OBJC_ARC = YES;
				CLANG_ENABLE_OBJC_WEAK = YES;
				CLANG_WARN_BLOCK_CAPTURE_AUTORELEASING = YES;
				CLANG_WARN_BOOL_CONVERSION = YES;
				CLANG_WARN_COMMA = YES;
				CLANG_WARN_CONSTANT_CONVERSION = YES;
				CLANG_WARN_DEPRECATED_OBJC_IMPLEMENTATIONS = YES;
				CLANG_WARN_DIRECT_OBJC_ISA_USAGE = YES_ERROR;
				CLANG_WARN_DOCUMENTATION_COMMENTS = YES;
				CLANG_WARN_EMPTY_BODY = YES;
				CLANG_WARN_ENUM_CONVERSION = YES;
				CLANG_WARN_INFINITE_RECURSION = YES;
				CLANG_WARN_INT_CONVERSION = YES;
				CLANG_WARN_NON_LITERAL_NULL_CONVERSION = YES;
				CLANG_WARN_OBJC_IMPLICIT_RETAIN_SELF = YES;
				CLANG_WARN_OBJC_LITERAL_CONVERSION = YES;
				CLANG_WARN_OBJC_ROOT_CLASS = YES_ERROR;
				CLANG_WARN_QUOTED_INCLUDE_IN_FRAMEWORK_HEADER = YES;
				CLANG_WARN_RANGE_LOOP_ANALYSIS = YES;
				CLANG_WARN_STRICT_PROTOTYPES = YES;
				CLANG_WARN_SUSPICIOUS_MOVE = YES;
				CLANG_WARN_UNGUARDED_AVAILABILITY = YES_AGGRESSIVE;
				CLANG_WARN_UNREACHABLE_CODE = YES;
				CLANG_WARN__DUPLICATE_METHOD_MATCH = YES;
				COPY_PHASE_STRIP = NO;
				DEBUG_INFORMATION_FORMAT = "dwarf-with-dsym";
				ENABLE_NS_ASSERTIONS = NO;
				ENABLE_STRICT_OBJC_MSGSEND = YES;
				ENABLE_USER_SCRIPT_SANDBOXING = YES;
				GCC_C_LANGUAGE_STANDARD = gnu17;
				GCC_NO_COMMON_BLOCKS = YES;
				GCC_WARN_64_TO_32_BIT_CONVERSION = YES;
				GCC_WARN_ABOUT_RETURN_TYPE = YES_ERROR;
				GCC_WARN_UNDECLARED_SELECTOR = YES;
				GCC_WARN_UNINITIALIZED_AUTOS = YES_AGGRESSIVE;
				GCC_WARN_UNUSED_FUNCTION = YES;
				GCC_WARN_UNUSED_VARIABLE = YES;
				IPHONEOS_DEPLOYMENT_TARGET = 17.5;
				LOCALIZATION_PREFERS_STRING_CATALOGS = YES;
				MTL_ENABLE_DEBUG_INFO = NO;
				MTL_FAST_MATH = YES;
				SDKROOT = iphoneos;
				SWIFT_COMPILATION_MODE = wholemodule;
				VALIDATE_PRODUCT = YES;
			};
			name = Release;
		};
		EB5360B62BF803B00052837F /* Debug */ = {
			isa = XCBuildConfiguration;
			buildSettings = {
				ASSETCATALOG_COMPILER_APPICON_NAME = AppIcon;
				ASSETCATALOG_COMPILER_GLOBAL_ACCENT_COLOR_NAME = AccentColor;
				CODE_SIGN_STYLE = Automatic;
				CURRENT_PROJECT_VERSION = 1;
				DEVELOPMENT_ASSET_PATHS = "\"IrisGardenRoughDraft/Preview Content\"";
				ENABLE_PREVIEWS = YES;
				GENERATE_INFOPLIST_FILE = YES;
				INFOPLIST_KEY_UIApplicationSceneManifest_Generation = YES;
				INFOPLIST_KEY_UIApplicationSupportsIndirectInputEvents = YES;
				INFOPLIST_KEY_UILaunchScreen_Generation = YES;
				INFOPLIST_KEY_UISupportedInterfaceOrientations_iPad = "UIInterfaceOrientationPortrait UIInterfaceOrientationPortraitUpsideDown UIInterfaceOrientationLandscapeLeft UIInterfaceOrientationLandscapeRight";
				INFOPLIST_KEY_UISupportedInterfaceOrientations_iPhone = "UIInterfaceOrientationPortrait UIInterfaceOrientationLandscapeLeft UIInterfaceOrientationLandscapeRight";
				LD_RUNPATH_SEARCH_PATHS = (
					"$(inherited)",
					"@executable_path/Frameworks",
				);
				MARKETING_VERSION = 1.0;
				PRODUCT_BUNDLE_IDENTIFIER = chad.IrisGardenRoughDraft;
				PRODUCT_NAME = "$(TARGET_NAME)";
				SWIFT_EMIT_LOC_STRINGS = YES;
				SWIFT_VERSION = 5.0;
				TARGETED_DEVICE_FAMILY = "1,2";
			};
			name = Debug;
		};
		EB5360B72BF803B00052837F /* Release */ = {
			isa = XCBuildConfiguration;
			buildSettings = {
				ASSETCATALOG_COMPILER_APPICON_NAME = AppIcon;
				ASSETCATALOG_COMPILER_GLOBAL_ACCENT_COLOR_NAME = AccentColor;
				CODE_SIGN_STYLE = Automatic;
				CURRENT_PROJECT_VERSION = 1;
				DEVELOPMENT_ASSET_PATHS = "\"IrisGardenRoughDraft/Preview Content\"";
				ENABLE_PREVIEWS = YES;
				GENERATE_INFOPLIST_FILE = YES;
				INFOPLIST_KEY_UIApplicationSceneManifest_Generation = YES;
				INFOPLIST_KEY_UIApplicationSupportsIndirectInputEvents = YES;
				INFOPLIST_KEY_UILaunchScreen_Generation = YES;
				INFOPLIST_KEY_UISupportedInterfaceOrientations_iPad = "UIInterfaceOrientationPortrait UIInterfaceOrientationPortraitUpsideDown UIInterfaceOrientationLandscapeLeft UIInterfaceOrientationLandscapeRight";
				INFOPLIST_KEY_UISupportedInterfaceOrientations_iPhone = "UIInterfaceOrientationPortrait UIInterfaceOrientationLandscapeLeft UIInterfaceOrientationLandscapeRight";
				LD_RUNPATH_SEARCH_PATHS = (
					"$(inherited)",
					"@executable_path/Frameworks",
				);
				MARKETING_VERSION = 1.0;
				PRODUCT_BUNDLE_IDENTIFIER = chad.IrisGardenRoughDraft;
				PRODUCT_NAME = "$(TARGET_NAME)";
				SWIFT_EMIT_LOC_STRINGS = YES;
				SWIFT_VERSION = 5.0;
				TARGETED_DEVICE_FAMILY = "1,2";
			};
			name = Release;
		};
/* End XCBuildConfiguration section */

/* Begin XCConfigurationList section */
		EB5360A22BF803AE0052837F /* Build configuration list for PBXProject "IrisGardenRoughDraft" */ = {
			isa = XCConfigurationList;
			buildConfigurations = (
				EB5360B32BF803B00052837F /* Debug */,
				EB5360B42BF803B00052837F /* Release */,
			);
			defaultConfigurationIsVisible = 0;
			defaultConfigurationName = Release;
		};
		EB5360B52BF803B00052837F /* Build configuration list for PBXNativeTarget "IrisGardenRoughDraft" */ = {
			isa = XCConfigurationList;
			buildConfigurations = (
				EB5360B62BF803B00052837F /* Debug */,
				EB5360B72BF803B00052837F /* Release */,
			);
			defaultConfigurationIsVisible = 0;
			defaultConfigurationName = Release;
		};
/* End XCConfigurationList section */
	};
	rootObject = EB53609F2BF803AE0052837F /* Project object */;
}
